
Microsoft Visual Studio Solution File, Format Version 12.00
# Visual Studio Version 17
VisualStudioVersion = 17.14.36511.14 d17.14
MinimumVisualStudioVersion = 10.0.40219.1
Project("{8BC9CEB8-8B4A-11D0-8D11-00A0C91BC942}") = "problem_2495", "problem_2495\problem_2495.vcxproj", "{8C1B107E-BF61-42C7-8F8F-7DF1527E28F9}"
EndProject
Global
	GlobalSection(SolutionConfigurationPlatforms) = preSolution
		Debug|x64 = Debug|x64
		Debug|x86 = Debug|x86
		Release|x64 = Release|x64
		Release|x86 = Release|x86
	EndGlobalSection
	GlobalSection(ProjectConfigurationPlatforms) = postSolution
		{8C1B107E-BF61-42C7-8F8F-7DF1527E28F9}.Debug|x64.ActiveCfg = Debug|x64
		{8C1B107E-BF61-42C7-8F8F-7DF1527E28F9}.Debug|x64.Build.0 = Debug|x64
		{8C1B107E-BF61-42C7-8F8F-7DF1527E28F9}.Debug|x86.ActiveCfg = Debug|Win32
		{8C1B107E-BF61-42C7-8F8F-7DF1527E28F9}.Debug|x86.Build.0 = Debug|Win32
		{8C1B107E-BF61-42C7-8F8F-7DF1527E28F9}.Release|x64.ActiveCfg = Release|x64
		{8C1B107E-BF61-42C7-8F8F-7DF1527E28F9}.Release|x64.Build.0 = Release|x64
		{8C1B107E-BF61-42C7-8F8F-7DF1527E28F9}.Release|x86.ActiveCfg = Release|Win32
		{8C1B107E-BF61-42C7-8F8F-7DF1527E28F9}.Release|x86.Build.0 = Release|Win32
	EndGlobalSection
	GlobalSection(SolutionProperties) = preSolution
		HideSolutionNode = FALSE
	EndGlobalSection
	GlobalSection(ExtensibilityGlobals) = postSolution
		SolutionGuid = {B4E6FA85-A46F-4727-A426-7BCFD2DAF7ED}
	EndGlobalSection
EndGlobal
